
Microsoft Visual Studio Solution File, Format Version 12.00
# Visual Studio Version 16
VisualStudioVersion = 16.0.30114.105
MinimumVisualStudioVersion = 10.0.40219.1
Project("{2150E333-8FDC-42A3-9474-1A3956D46DE8}") = "API", "API", "{0AAA602E-7B17-425F-95D7-329D627EFBFF}"
EndProject
Project("{FAE04EC0-301F-11D3-BF4B-00C04F79EFBC}") = "API.Application", "API\API.Application\API.Application.csproj", "{A2BA1651-5D32-4ABB-87D5-0DFBF573F1EC}"
EndProject
Project("{FAE04EC0-301F-11D3-BF4B-00C04F79EFBC}") = "API.Tests", "API\API.Tests\API.Tests.csproj", "{F08BE6C2-3CD1-4A01-A98B-9AC4CB94762E}"
EndProject
Global
	GlobalSection(SolutionConfigurationPlatforms) = preSolution
		Debug|Any CPU = Debug|Any CPU
		Release|Any CPU = Release|Any CPU
	EndGlobalSection
	GlobalSection(SolutionProperties) = preSolution
		HideSolutionNode = FALSE
	EndGlobalSection
	GlobalSection(ProjectConfigurationPlatforms) = postSolution
		{A2BA1651-5D32-4ABB-87D5-0DFBF573F1EC}.Debug|Any CPU.ActiveCfg = Debug|Any CPU
		{A2BA1651-5D32-4ABB-87D5-0DFBF573F1EC}.Debug|Any CPU.Build.0 = Debug|Any CPU
		{A2BA1651-5D32-4ABB-87D5-0DFBF573F1EC}.Release|Any CPU.ActiveCfg = Release|Any CPU
		{A2BA1651-5D32-4ABB-87D5-0DFBF573F1EC}.Release|Any CPU.Build.0 = Release|Any CPU
		{F08BE6C2-3CD1-4A01-A98B-9AC4CB94762E}.Debug|Any CPU.ActiveCfg = Debug|Any CPU
		{F08BE6C2-3CD1-4A01-A98B-9AC4CB94762E}.Debug|Any CPU.Build.0 = Debug|Any CPU
		{F08BE6C2-3CD1-4A01-A98B-9AC4CB94762E}.Release|Any CPU.ActiveCfg = Release|Any CPU
		{F08BE6C2-3CD1-4A01-A98B-9AC4CB94762E}.Release|Any CPU.Build.0 = Release|Any CPU
	EndGlobalSection
	GlobalSection(NestedProjects) = preSolution
		{A2BA1651-5D32-4ABB-87D5-0DFBF573F1EC} = {0AAA602E-7B17-425F-95D7-329D627EFBFF}
		{F08BE6C2-3CD1-4A01-A98B-9AC4CB94762E} = {0AAA602E-7B17-425F-95D7-329D627EFBFF}
	EndGlobalSection
EndGlobal
